
Microsoft Visual Studio Solution File, Format Version 12.00
# Visual Studio 15
VisualStudioVersion = 15.0.27428.2015
MinimumVisualStudioVersion = 10.0.40219.1
Project("{FAE04EC0-301F-11D3-BF4B-00C04F79EFBC}") = "WorkingWithFiles", "WorkingWithFiles\WorkingWithFiles.csproj", "{72E3EA16-943C-4C41-9F7F-E471B39F2DC1}"
EndProject
Global
	GlobalSection(SolutionConfigurationPlatforms) = preSolution
		Debug|Any CPU = Debug|Any CPU
		Release|Any CPU = Release|Any CPU
	EndGlobalSection
	GlobalSection(ProjectConfigurationPlatforms) = postSolution
		{72E3EA16-943C-4C41-9F7F-E471B39F2DC1}.Debug|Any CPU.ActiveCfg = Debug|Any CPU
		{72E3EA16-943C-4C41-9F7F-E471B39F2DC1}.Debug|Any CPU.Build.0 = Debug|Any CPU
		{72E3EA16-943C-4C41-9F7F-E471B39F2DC1}.Release|Any CPU.ActiveCfg = Release|Any CPU
		{72E3EA16-943C-4C41-9F7F-E471B39F2DC1}.Release|Any CPU.Build.0 = Release|Any CPU
	EndGlobalSection
	GlobalSection(SolutionProperties) = preSolution
		HideSolutionNode = FALSE
	EndGlobalSection
	GlobalSection(ExtensibilityGlobals) = postSolution
		SolutionGuid = {B5E2EA1B-D6C1-4BCF-820F-DD9C6BF866CF}
	EndGlobalSection
EndGlobal
